
Microsoft Visual Studio Solution File, Format Version 12.00
# Visual Studio Version 16
VisualStudioVersion = 16.0.31112.23
MinimumVisualStudioVersion = 10.0.40219.1
Project("{FAE04EC0-301F-11D3-BF4B-00C04F79EFBC}") = "Azienda_spedizione_pacchi", "Azienda_spedizione_pacchi\Azienda_spedizione_pacchi.csproj", "{A42EC8A4-5347-46C7-89C0-F9EFA81F1B0B}"
EndProject
Project("{FAE04EC0-301F-11D3-BF4B-00C04F79EFBC}") = "ClassLibrarySpedizioni", "ClassLibrarySpedizioni\ClassLibrarySpedizioni.csproj", "{A10180E3-45AB-4AFF-9721-61D0EC621931}"
EndProject
Global
	GlobalSection(SolutionConfigurationPlatforms) = preSolution
		Debug|Any CPU = Debug|Any CPU
		Release|Any CPU = Release|Any CPU
	EndGlobalSection
	GlobalSection(ProjectConfigurationPlatforms) = postSolution
		{A42EC8A4-5347-46C7-89C0-F9EFA81F1B0B}.Debug|Any CPU.ActiveCfg = Debug|Any CPU
		{A42EC8A4-5347-46C7-89C0-F9EFA81F1B0B}.Debug|Any CPU.Build.0 = Debug|Any CPU
		{A42EC8A4-5347-46C7-89C0-F9EFA81F1B0B}.Release|Any CPU.ActiveCfg = Release|Any CPU
		{A42EC8A4-5347-46C7-89C0-F9EFA81F1B0B}.Release|Any CPU.Build.0 = Release|Any CPU
		{A10180E3-45AB-4AFF-9721-61D0EC621931}.Debug|Any CPU.ActiveCfg = Debug|Any CPU
		{A10180E3-45AB-4AFF-9721-61D0EC621931}.Debug|Any CPU.Build.0 = Debug|Any CPU
		{A10180E3-45AB-4AFF-9721-61D0EC621931}.Release|Any CPU.ActiveCfg = Release|Any CPU
		{A10180E3-45AB-4AFF-9721-61D0EC621931}.Release|Any CPU.Build.0 = Release|Any CPU
	EndGlobalSection
	GlobalSection(SolutionProperties) = preSolution
		HideSolutionNode = FALSE
	EndGlobalSection
	GlobalSection(ExtensibilityGlobals) = postSolution
		SolutionGuid = {14C35F72-AB8C-4C54-88AC-1154F63B3BAA}
	EndGlobalSection
EndGlobal
